
Microsoft Visual Studio Solution File, Format Version 12.00
# Visual Studio Version 16
VisualStudioVersion = 16.0.30717.126
MinimumVisualStudioVersion = 10.0.40219.1
Project("{FAE04EC0-301F-11D3-BF4B-00C04F79EFBC}") = "commanderGQL", "commanderGQL.csproj", "{5DE57EBB-BCBF-4FBE-8532-885868809BFC}"
EndProject
Global
	GlobalSection(SolutionConfigurationPlatforms) = preSolution
		Debug|Any CPU = Debug|Any CPU
		Release|Any CPU = Release|Any CPU
	EndGlobalSection
	GlobalSection(ProjectConfigurationPlatforms) = postSolution
		{5DE57EBB-BCBF-4FBE-8532-885868809BFC}.Debug|Any CPU.ActiveCfg = Debug|Any CPU
		{5DE57EBB-BCBF-4FBE-8532-885868809BFC}.Debug|Any CPU.Build.0 = Debug|Any CPU
		{5DE57EBB-BCBF-4FBE-8532-885868809BFC}.Release|Any CPU.ActiveCfg = Release|Any CPU
		{5DE57EBB-BCBF-4FBE-8532-885868809BFC}.Release|Any CPU.Build.0 = Release|Any CPU
	EndGlobalSection
	GlobalSection(SolutionProperties) = preSolution
		HideSolutionNode = FALSE
	EndGlobalSection
	GlobalSection(ExtensibilityGlobals) = postSolution
		SolutionGuid = {D293F06E-B8FA-4011-9F8A-6E47F41841D9}
	EndGlobalSection
EndGlobal
